
Microsoft Visual Studio Solution File, Format Version 12.00
# Visual Studio 15
VisualStudioVersion = 15.0.26430.14
MinimumVisualStudioVersion = 10.0.40219.1
Project("{8BC9CEB8-8B4A-11D0-8D11-00A0C91BC942}") = "Parity", "Parity\Parity.vcxproj", "{0C3A1662-32AB-446A-86C9-79F0CE8F2A44}"
EndProject
Project("{8BC9CEB8-8B4A-11D0-8D11-00A0C91BC942}") = "SwapBits", "SwapBits\SwapBits.vcxproj", "{6EAF9E86-2C29-4EA3-8AD6-525C60555F06}"
EndProject
Project("{8BC9CEB8-8B4A-11D0-8D11-00A0C91BC942}") = "ReverseBits", "ReverseBits\ReverseBits.vcxproj", "{54A2CB51-839E-46FD-863D-CFFCEFC7B998}"
EndProject
Project("{8BC9CEB8-8B4A-11D0-8D11-00A0C91BC942}") = "ClosetIntSameBitCount", "ClosetIntSameBitCount\ClosetIntSameBitCount.vcxproj", "{7F1312D0-128E-4DE2-9074-92FB1900719F}"
EndProject
Project("{8BC9CEB8-8B4A-11D0-8D11-00A0C91BC942}") = "PowerXY", "PowerXY\PowerXY.vcxproj", "{943A1C18-A53D-4FCE-A889-77958A3157D7}"
EndProject
Project("{8BC9CEB8-8B4A-11D0-8D11-00A0C91BC942}") = "ReverseDigits", "ReverseDigits\ReverseDigits.vcxproj", "{C1FFF3AD-8881-43D5-86C0-C4D45A6E8461}"
EndProject
Project("{8BC9CEB8-8B4A-11D0-8D11-00A0C91BC942}") = "palindrome_number", "palindrome_number\palindrome_number.vcxproj", "{331E4C97-B86B-4587-AC6F-18BABAFB70FF}"
EndProject
Project("{8BC9CEB8-8B4A-11D0-8D11-00A0C91BC942}") = "UniformRandom", "UniformRandom\UniformRandom.vcxproj", "{6C77099A-97D5-4EEB-8D02-C3FC41DA30C8}"
EndProject
Global
	GlobalSection(SolutionConfigurationPlatforms) = preSolution
		Debug|x64 = Debug|x64
		Debug|x86 = Debug|x86
		Release|x64 = Release|x64
		Release|x86 = Release|x86
	EndGlobalSection
	GlobalSection(ProjectConfigurationPlatforms) = postSolution
		{0C3A1662-32AB-446A-86C9-79F0CE8F2A44}.Debug|x64.ActiveCfg = Debug|x64
		{0C3A1662-32AB-446A-86C9-79F0CE8F2A44}.Debug|x64.Build.0 = Debug|x64
		{0C3A1662-32AB-446A-86C9-79F0CE8F2A44}.Debug|x86.ActiveCfg = Debug|Win32
		{0C3A1662-32AB-446A-86C9-79F0CE8F2A44}.Debug|x86.Build.0 = Debug|Win32
		{0C3A1662-32AB-446A-86C9-79F0CE8F2A44}.Release|x64.ActiveCfg = Release|x64
		{0C3A1662-32AB-446A-86C9-79F0CE8F2A44}.Release|x64.Build.0 = Release|x64
		{0C3A1662-32AB-446A-86C9-79F0CE8F2A44}.Release|x86.ActiveCfg = Release|Win32
		{0C3A1662-32AB-446A-86C9-79F0CE8F2A44}.Release|x86.Build.0 = Release|Win32
		{6EAF9E86-2C29-4EA3-8AD6-525C60555F06}.Debug|x64.ActiveCfg = Debug|x64
		{6EAF9E86-2C29-4EA3-8AD6-525C60555F06}.Debug|x64.Build.0 = Debug|x64
		{6EAF9E86-2C29-4EA3-8AD6-525C60555F06}.Debug|x86.ActiveCfg = Debug|Win32
		{6EAF9E86-2C29-4EA3-8AD6-525C60555F06}.Debug|x86.Build.0 = Debug|Win32
		{6EAF9E86-2C29-4EA3-8AD6-525C60555F06}.Release|x64.ActiveCfg = Release|x64
		{6EAF9E86-2C29-4EA3-8AD6-525C60555F06}.Release|x64.Build.0 = Release|x64
		{6EAF9E86-2C29-4EA3-8AD6-525C60555F06}.Release|x86.ActiveCfg = Release|Win32
		{6EAF9E86-2C29-4EA3-8AD6-525C60555F06}.Release|x86.Build.0 = Release|Win32
		{54A2CB51-839E-46FD-863D-CFFCEFC7B998}.Debug|x64.ActiveCfg = Debug|x64
		{54A2CB51-839E-46FD-863D-CFFCEFC7B998}.Debug|x64.Build.0 = Debug|x64
		{54A2CB51-839E-46FD-863D-CFFCEFC7B998}.Debug|x86.ActiveCfg = Debug|Win32
		{54A2CB51-839E-46FD-863D-CFFCEFC7B998}.Debug|x86.Build.0 = Debug|Win32
		{54A2CB51-839E-46FD-863D-CFFCEFC7B998}.Release|x64.ActiveCfg = Release|x64
		{54A2CB51-839E-46FD-863D-CFFCEFC7B998}.Release|x64.Build.0 = Release|x64
		{54A2CB51-839E-46FD-863D-CFFCEFC7B998}.Release|x86.ActiveCfg = Release|Win32
		{54A2CB51-839E-46FD-863D-CFFCEFC7B998}.Release|x86.Build.0 = Release|Win32
		{7F1312D0-128E-4DE2-9074-92FB1900719F}.Debug|x64.ActiveCfg = Debug|x64
		{7F1312D0-128E-4DE2-9074-92FB1900719F}.Debug|x64.Build.0 = Debug|x64
		{7F1312D0-128E-4DE2-9074-92FB1900719F}.Debug|x86.ActiveCfg = Debug|Win32
		{7F1312D0-128E-4DE2-9074-92FB1900719F}.Debug|x86.Build.0 = Debug|Win32
		{7F1312D0-128E-4DE2-9074-92FB1900719F}.Release|x64.ActiveCfg = Release|x64
		{7F1312D0-128E-4DE2-9074-92FB1900719F}.Release|x64.Build.0 = Release|x64
		{7F1312D0-128E-4DE2-9074-92FB1900719F}.Release|x86.ActiveCfg = Release|Win32
		{7F1312D0-128E-4DE2-9074-92FB1900719F}.Release|x86.Build.0 = Release|Win32
		{943A1C18-A53D-4FCE-A889-77958A3157D7}.Debug|x64.ActiveCfg = Debug|x64
		{943A1C18-A53D-4FCE-A889-77958A3157D7}.Debug|x64.Build.0 = Debug|x64
		{943A1C18-A53D-4FCE-A889-77958A3157D7}.Debug|x86.ActiveCfg = Debug|Win32
		{943A1C18-A53D-4FCE-A889-77958A3157D7}.Debug|x86.Build.0 = Debug|Win32
		{943A1C18-A53D-4FCE-A889-77958A3157D7}.Release|x64.ActiveCfg = Release|x64
		{943A1C18-A53D-4FCE-A889-77958A3157D7}.Release|x64.Build.0 = Release|x64
		{943A1C18-A53D-4FCE-A889-77958A3157D7}.Release|x86.ActiveCfg = Release|Win32
		{943A1C18-A53D-4FCE-A889-77958A3157D7}.Release|x86.Build.0 = Release|Win32
		{C1FFF3AD-8881-43D5-86C0-C4D45A6E8461}.Debug|x64.ActiveCfg = Debug|x64
		{C1FFF3AD-8881-43D5-86C0-C4D45A6E8461}.Debug|x64.Build.0 = Debug|x64
		{C1FFF3AD-8881-43D5-86C0-C4D45A6E8461}.Debug|x86.ActiveCfg = Debug|Win32
		{C1FFF3AD-8881-43D5-86C0-C4D45A6E8461}.Debug|x86.Build.0 = Debug|Win32
		{C1FFF3AD-8881-43D5-86C0-C4D45A6E8461}.Release|x64.ActiveCfg = Release|x64
		{C1FFF3AD-8881-43D5-86C0-C4D45A6E8461}.Release|x64.Build.0 = Release|x64
		{C1FFF3AD-8881-43D5-86C0-C4D45A6E8461}.Release|x86.ActiveCfg = Release|Win32
		{C1FFF3AD-8881-43D5-86C0-C4D45A6E8461}.Release|x86.Build.0 = Release|Win32
		{331E4C97-B86B-4587-AC6F-18BABAFB70FF}.Debug|x64.ActiveCfg = Debug|x64
		{331E4C97-B86B-4587-AC6F-18BABAFB70FF}.Debug|x64.Build.0 = Debug|x64
		{331E4C97-B86B-4587-AC6F-18BABAFB70FF}.Debug|x86.ActiveCfg = Debug|Win32
		{331E4C97-B86B-4587-AC6F-18BABAFB70FF}.Debug|x86.Build.0 = Debug|Win32
		{331E4C97-B86B-4587-AC6F-18BABAFB70FF}.Release|x64.ActiveCfg = Release|x64
		{331E4C97-B86B-4587-AC6F-18BABAFB70FF}.Release|x64.Build.0 = Release|x64
		{331E4C97-B86B-4587-AC6F-18BABAFB70FF}.Release|x86.ActiveCfg = Release|Win32
		{331E4C97-B86B-4587-AC6F-18BABAFB70FF}.Release|x86.Build.0 = Release|Win32
		{6C77099A-97D5-4EEB-8D02-C3FC41DA30C8}.Debug|x64.ActiveCfg = Debug|x64
		{6C77099A-97D5-4EEB-8D02-C3FC41DA30C8}.Debug|x64.Build.0 = Debug|x64
		{6C77099A-97D5-4EEB-8D02-C3FC41DA30C8}.Debug|x86.ActiveCfg = Debug|Win32
		{6C77099A-97D5-4EEB-8D02-C3FC41DA30C8}.Debug|x86.Build.0 = Debug|Win32
		{6C77099A-97D5-4EEB-8D02-C3FC41DA30C8}.Release|x64.ActiveCfg = Release|x64
		{6C77099A-97D5-4EEB-8D02-C3FC41DA30C8}.Release|x64.Build.0 = Release|x64
		{6C77099A-97D5-4EEB-8D02-C3FC41DA30C8}.Release|x86.ActiveCfg = Release|Win32
		{6C77099A-97D5-4EEB-8D02-C3FC41DA30C8}.Release|x86.Build.0 = Release|Win32
	EndGlobalSection
	GlobalSection(SolutionProperties) = preSolution
		HideSolutionNode = FALSE
	EndGlobalSection
EndGlobal
